// !$*UTF8*$!
{
	archiveVersion = 1;
	classes = {
	};
	objectVersion = 50;
	objects = {

/* Begin PBXBuildFile section */
		E80661802114D15C00A134BE /* PhotoHelper.swift in Sources */ = {isa = PBXBuildFile; fileRef = E806617F2114D15C00A134BE /* PhotoHelper.swift */; };
		E8066185211500F100A134BE /* ToDoBreakdownViewController.swift in Sources */ = {isa = PBXBuildFile; fileRef = E8066184211500F100A134BE /* ToDoBreakdownViewController.swift */; };
		E82981D621083A9E005240EC /* CoreDataHelper.swift in Sources */ = {isa = PBXBuildFile; fileRef = E82981D521083A9E005240EC /* CoreDataHelper.swift */; };
		E82981D92108AE08005240EC /* Koso.xcdatamodeld in Sources */ = {isa = PBXBuildFile; fileRef = E82981D72108AE08005240EC /* Koso.xcdatamodeld */; };
		E82981DC2108B1FC005240EC /* Date+ConverterToString.swift in Sources */ = {isa = PBXBuildFile; fileRef = E82981DB2108B1FC005240EC /* Date+ConverterToString.swift */; };
		E837EE5021139A66000A1CED /* TaskTableViewCell.swift in Sources */ = {isa = PBXBuildFile; fileRef = E837EE4F21139A66000A1CED /* TaskTableViewCell.swift */; };
		E8485E9921176EA100854490 /* DisplayPlanViewController.swift in Sources */ = {isa = PBXBuildFile; fileRef = E8485E9821176EA100854490 /* DisplayPlanViewController.swift */; };
		E8780E1E2108E8E400113C69 /* ToDoTableCellView.swift in Sources */ = {isa = PBXBuildFile; fileRef = E8780E1D2108E8E400113C69 /* ToDoTableCellView.swift */; };
		E8780E222108E91600113C69 /* NoteTableViewCell.swift in Sources */ = {isa = PBXBuildFile; fileRef = E8780E212108E91600113C69 /* NoteTableViewCell.swift */; };
		E8780E242108E92B00113C69 /* AgendaTableViewCell.swift in Sources */ = {isa = PBXBuildFile; fileRef = E8780E232108E92B00113C69 /* AgendaTableViewCell.swift */; };
		E8780E262108EA4A00113C69 /* AddElementsViewController.swift in Sources */ = {isa = PBXBuildFile; fileRef = E8780E252108EA4A00113C69 /* AddElementsViewController.swift */; };
		E8946C952107944200351C64 /* AppDelegate.swift in Sources */ = {isa = PBXBuildFile; fileRef = E8946C942107944200351C64 /* AppDelegate.swift */; };
		E8946C972107944200351C64 /* ViewController.swift in Sources */ = {isa = PBXBuildFile; fileRef = E8946C962107944200351C64 /* ViewController.swift */; };
		E8946C9A2107944200351C64 /* Main.storyboard in Resources */ = {isa = PBXBuildFile; fileRef = E8946C982107944200351C64 /* Main.storyboard */; };
		E8946C9F2107944700351C64 /* Assets.xcassets in Resources */ = {isa = PBXBuildFile; fileRef = E8946C9E2107944700351C64 /* Assets.xcassets */; };
		E8946CA22107944700351C64 /* LaunchScreen.storyboard in Resources */ = {isa = PBXBuildFile; fileRef = E8946CA02107944700351C64 /* LaunchScreen.storyboard */; };
		E8946CD82107C9F300351C64 /* ProjectManagerViewController.swift in Sources */ = {isa = PBXBuildFile; fileRef = E8946CD72107C9F300351C64 /* ProjectManagerViewController.swift */; };
		E8946CDA2107CA0300351C64 /* NewProjectViewController.swift in Sources */ = {isa = PBXBuildFile; fileRef = E8946CD92107CA0300351C64 /* NewProjectViewController.swift */; };
		E8946CDC2107CA9000351C64 /* DisplayProjectViewController.swift in Sources */ = {isa = PBXBuildFile; fileRef = E8946CDB2107CA9000351C64 /* DisplayProjectViewController.swift */; };
		E8946CDE2107CB3D00351C64 /* NewProjectTableViewCell.swift in Sources */ = {isa = PBXBuildFile; fileRef = E8946CDD2107CB3D00351C64 /* NewProjectTableViewCell.swift */; };
		E8946CE02107CB5200351C64 /* ProjectTableViewCell.swift in Sources */ = {isa = PBXBuildFile; fileRef = E8946CDF2107CB5200351C64 /* ProjectTableViewCell.swift */; };
		E8E6B516210BBC47006C117E /* DisplayToDoViewController.swift in Sources */ = {isa = PBXBuildFile; fileRef = E8E6B515210BBC47006C117E /* DisplayToDoViewController.swift */; };
		E8E6B51A210BBC61006C117E /* DisplayAgendaViewController.swift in Sources */ = {isa = PBXBuildFile; fileRef = E8E6B519210BBC61006C117E /* DisplayAgendaViewController.swift */; };
		E8E6B51C210BBC69006C117E /* DisplayNoteViewController.swift in Sources */ = {isa = PBXBuildFile; fileRef = E8E6B51B210BBC69006C117E /* DisplayNoteViewController.swift */; };
		E8E6B51E2111F5D6006C117E /* PlanTableViewCell.swift in Sources */ = {isa = PBXBuildFile; fileRef = E8E6B51D2111F5D6006C117E /* PlanTableViewCell.swift */; };
		E8FB9D732118CBCF00ABBC61 /* UIColor+TC.swift in Sources */ = {isa = PBXBuildFile; fileRef = E8FB9D722118CBCF00ABBC61 /* UIColor+TC.swift */; };
/* End PBXBuildFile section */

/* Begin PBXFileReference section */
		E806617F2114D15C00A134BE /* PhotoHelper.swift */ = {isa = PBXFileReference; lastKnownFileType = sourcecode.swift; path = PhotoHelper.swift; sourceTree = "<group>"; };
		E8066184211500F100A134BE /* ToDoBreakdownViewController.swift */ = {isa = PBXFileReference; lastKnownFileType = sourcecode.swift; path = ToDoBreakdownViewController.swift; sourceTree = "<group>"; };
		E82981D521083A9E005240EC /* CoreDataHelper.swift */ = {isa = PBXFileReference; lastKnownFileType = sourcecode.swift; path = CoreDataHelper.swift; sourceTree = "<group>"; };
		E82981D82108AE08005240EC /* Koso.xcdatamodel */ = {isa = PBXFileReference; lastKnownFileType = wrapper.xcdatamodel; path = Koso.xcdatamodel; sourceTree = "<group>"; };
		E82981DB2108B1FC005240EC /* Date+ConverterToString.swift */ = {isa = PBXFileReference; lastKnownFileType = sourcecode.swift; path = "Date+ConverterToString.swift"; sourceTree = "<group>"; };
		E837EE4F21139A66000A1CED /* TaskTableViewCell.swift */ = {isa = PBXFileReference; lastKnownFileType = sourcecode.swift; path = TaskTableViewCell.swift; sourceTree = "<group>"; };
		E8485E9821176EA100854490 /* DisplayPlanViewController.swift */ = {isa = PBXFileReference; lastKnownFileType = sourcecode.swift; path = DisplayPlanViewController.swift; sourceTree = "<group>"; };
		E8780E1D2108E8E400113C69 /* ToDoTableCellView.swift */ = {isa = PBXFileReference; lastKnownFileType = sourcecode.swift; path = ToDoTableCellView.swift; sourceTree = "<group>"; };
		E8780E212108E91600113C69 /* NoteTableViewCell.swift */ = {isa = PBXFileReference; lastKnownFileType = sourcecode.swift; path = NoteTableViewCell.swift; sourceTree = "<group>"; };
		E8780E232108E92B00113C69 /* AgendaTableViewCell.swift */ = {isa = PBXFileReference; lastKnownFileType = sourcecode.swift; path = AgendaTableViewCell.swift; sourceTree = "<group>"; };
		E8780E252108EA4A00113C69 /* AddElementsViewController.swift */ = {isa = PBXFileReference; lastKnownFileType = sourcecode.swift; path = AddElementsViewController.swift; sourceTree = "<group>"; };
		E8946C912107944200351C64 /* Koso.app */ = {isa = PBXFileReference; explicitFileType = wrapper.application; includeInIndex = 0; path = Koso.app; sourceTree = BUILT_PRODUCTS_DIR; };
		E8946C942107944200351C64 /* AppDelegate.swift */ = {isa = PBXFileReference; lastKnownFileType = sourcecode.swift; path = AppDelegate.swift; sourceTree = "<group>"; };
		E8946C962107944200351C64 /* ViewController.swift */ = {isa = PBXFileReference; lastKnownFileType = sourcecode.swift; path = ViewController.swift; sourceTree = "<group>"; };
		E8946C992107944200351C64 /* Base */ = {isa = PBXFileReference; lastKnownFileType = file.storyboard; name = Base; path = Base.lproj/Main.storyboard; sourceTree = "<group>"; };
		E8946C9E2107944700351C64 /* Assets.xcassets */ = {isa = PBXFileReference; lastKnownFileType = folder.assetcatalog; path = Assets.xcassets; sourceTree = "<group>"; };
		E8946CA12107944700351C64 /* Base */ = {isa = PBXFileReference; lastKnownFileType = file.storyboard; name = Base; path = Base.lproj/LaunchScreen.storyboard; sourceTree = "<group>"; };
		E8946CA32107944700351C64 /* Info.plist */ = {isa = PBXFileReference; lastKnownFileType = text.plist.xml; path = Info.plist; sourceTree = "<group>"; };
		E8946CD72107C9F300351C64 /* ProjectManagerViewController.swift */ = {isa = PBXFileReference; lastKnownFileType = sourcecode.swift; path = ProjectManagerViewController.swift; sourceTree = "<group>"; };
		E8946CD92107CA0300351C64 /* NewProjectViewController.swift */ = {isa = PBXFileReference; lastKnownFileType = sourcecode.swift; path = NewProjectViewController.swift; sourceTree = "<group>"; };
		E8946CDB2107CA9000351C64 /* DisplayProjectViewController.swift */ = {isa = PBXFileReference; lastKnownFileType = sourcecode.swift; path = DisplayProjectViewController.swift; sourceTree = "<group>"; };
		E8946CDD2107CB3D00351C64 /* NewProjectTableViewCell.swift */ = {isa = PBXFileReference; lastKnownFileType = sourcecode.swift; path = NewProjectTableViewCell.swift; sourceTree = "<group>"; };
		E8946CDF2107CB5200351C64 /* ProjectTableViewCell.swift */ = {isa = PBXFileReference; lastKnownFileType = sourcecode.swift; path = ProjectTableViewCell.swift; sourceTree = "<group>"; };
		E8E6B515210BBC47006C117E /* DisplayToDoViewController.swift */ = {isa = PBXFileReference; lastKnownFileType = sourcecode.swift; path = DisplayToDoViewController.swift; sourceTree = "<group>"; };
		E8E6B519210BBC61006C117E /* DisplayAgendaViewController.swift */ = {isa = PBXFileReference; lastKnownFileType = sourcecode.swift; path = DisplayAgendaViewController.swift; sourceTree = "<group>"; };
		E8E6B51B210BBC69006C117E /* DisplayNoteViewController.swift */ = {isa = PBXFileReference; lastKnownFileType = sourcecode.swift; path = DisplayNoteViewController.swift; sourceTree = "<group>"; };
		E8E6B51D2111F5D6006C117E /* PlanTableViewCell.swift */ = {isa = PBXFileReference; lastKnownFileType = sourcecode.swift; path = PlanTableViewCell.swift; sourceTree = "<group>"; };
		E8FB9D722118CBCF00ABBC61 /* UIColor+TC.swift */ = {isa = PBXFileReference; lastKnownFileType = sourcecode.swift; path = "UIColor+TC.swift"; sourceTree = "<group>"; };
/* End PBXFileReference section */

/* Begin PBXFrameworksBuildPhase section */
		E8946C8E2107944200351C64 /* Frameworks */ = {
			isa = PBXFrameworksBuildPhase;
			buildActionMask = 2147483647;
			files = (
			);
			runOnlyForDeploymentPostprocessing = 0;
		};
/* End PBXFrameworksBuildPhase section */

/* Begin PBXGroup section */
		E80661812114F56800A134BE /* Services */ = {
			isa = PBXGroup;
			children = (
				E8FB9D722118CBCF00ABBC61 /* UIColor+TC.swift */,
			);
			path = Services;
			sourceTree = "<group>";
		};
		E82981DA2108B1DF005240EC /* Extensions */ = {
			isa = PBXGroup;
			children = (
				E82981DB2108B1FC005240EC /* Date+ConverterToString.swift */,
			);
			path = Extensions;
			sourceTree = "<group>";
		};
		E8946C882107944200351C64 = {
			isa = PBXGroup;
			children = (
				E8946C932107944200351C64 /* Koso */,
				E8946C922107944200351C64 /* Products */,
			);
			sourceTree = "<group>";
		};
		E8946C922107944200351C64 /* Products */ = {
			isa = PBXGroup;
			children = (
				E8946C912107944200351C64 /* Koso.app */,
			);
			name = Products;
			sourceTree = "<group>";
		};
		E8946C932107944200351C64 /* Koso */ = {
			isa = PBXGroup;
			children = (
				E80661812114F56800A134BE /* Services */,
				E82981DA2108B1DF005240EC /* Extensions */,
				E8946CD22107A69C00351C64 /* Storyboards */,
				E8946CD12107A64F00351C64 /* Models */,
				E8946CD02107A64800351C64 /* Helpers */,
				E8946CCF2107A64200351C64 /* Views */,
				E8946CCE2107A63100351C64 /* Controllers */,
				E8946C942107944200351C64 /* AppDelegate.swift */,
				E8946C962107944200351C64 /* ViewController.swift */,
				E8946C9E2107944700351C64 /* Assets.xcassets */,
				E8946CA32107944700351C64 /* Info.plist */,
			);
			path = Koso;
			sourceTree = "<group>";
		};
		E8946CCE2107A63100351C64 /* Controllers */ = {
			isa = PBXGroup;
			children = (
				E8946CD72107C9F300351C64 /* ProjectManagerViewController.swift */,
				E8946CDB2107CA9000351C64 /* DisplayProjectViewController.swift */,
				E8946CD92107CA0300351C64 /* NewProjectViewController.swift */,
				E8780E252108EA4A00113C69 /* AddElementsViewController.swift */,
				E8E6B515210BBC47006C117E /* DisplayToDoViewController.swift */,
				E8E6B519210BBC61006C117E /* DisplayAgendaViewController.swift */,
				E8E6B51B210BBC69006C117E /* DisplayNoteViewController.swift */,
				E8066184211500F100A134BE /* ToDoBreakdownViewController.swift */,
				E8485E9821176EA100854490 /* DisplayPlanViewController.swift */,
			);
			path = Controllers;
			sourceTree = "<group>";
		};
		E8946CCF2107A64200351C64 /* Views */ = {
			isa = PBXGroup;
			children = (
				E8946CDD2107CB3D00351C64 /* NewProjectTableViewCell.swift */,
				E8946CDF2107CB5200351C64 /* ProjectTableViewCell.swift */,
				E8780E1D2108E8E400113C69 /* ToDoTableCellView.swift */,
				E8780E212108E91600113C69 /* NoteTableViewCell.swift */,
				E8780E232108E92B00113C69 /* AgendaTableViewCell.swift */,
				E8E6B51D2111F5D6006C117E /* PlanTableViewCell.swift */,
				E837EE4F21139A66000A1CED /* TaskTableViewCell.swift */,
			);
			path = Views;
			sourceTree = "<group>";
		};
		E8946CD02107A64800351C64 /* Helpers */ = {
			isa = PBXGroup;
			children = (
				E82981D521083A9E005240EC /* CoreDataHelper.swift */,
				E806617F2114D15C00A134BE /* PhotoHelper.swift */,
			);
			path = Helpers;
			sourceTree = "<group>";
		};
		E8946CD12107A64F00351C64 /* Models */ = {
			isa = PBXGroup;
			children = (
				E82981D72108AE08005240EC /* Koso.xcdatamodeld */,
			);
			path = Models;
			sourceTree = "<group>";
		};
		E8946CD22107A69C00351C64 /* Storyboards */ = {
			isa = PBXGroup;
			children = (
				E8946C982107944200351C64 /* Main.storyboard */,
				E8946CA02107944700351C64 /* LaunchScreen.storyboard */,
			);
			path = Storyboards;
			sourceTree = "<group>";
		};
/* End PBXGroup section */

/* Begin PBXNativeTarget section */
		E8946C902107944200351C64 /* Koso */ = {
			isa = PBXNativeTarget;
			buildConfigurationList = E8946CA62107944700351C64 /* Build configuration list for PBXNativeTarget "Koso" */;
			buildPhases = (
				E8946C8D2107944200351C64 /* Sources */,
				E8946C8E2107944200351C64 /* Frameworks */,
				E8946C8F2107944200351C64 /* Resources */,
			);
			buildRules = (
			);
			dependencies = (
			);
			name = Koso;
			productName = Koso;
			productReference = E8946C912107944200351C64 /* Koso.app */;
			productType = "com.apple.product-type.application";
		};
/* End PBXNativeTarget section */

/* Begin PBXProject section */
		E8946C892107944200351C64 /* Project object */ = {
			isa = PBXProject;
			attributes = {
				LastSwiftUpdateCheck = 0940;
				LastUpgradeCheck = 0940;
				ORGANIZATIONNAME = "Emmie Ohnuki";
				TargetAttributes = {
					E8946C902107944200351C64 = {
						CreatedOnToolsVersion = 9.4.1;
					};
				};
			};
			buildConfigurationList = E8946C8C2107944200351C64 /* Build configuration list for PBXProject "Koso" */;
			compatibilityVersion = "Xcode 9.3";
			developmentRegion = en;
			hasScannedForEncodings = 0;
			knownRegions = (
				en,
				Base,
			);
			mainGroup = E8946C882107944200351C64;
			productRefGroup = E8946C922107944200351C64 /* Products */;
			projectDirPath = "";
			projectRoot = "";
			targets = (
				E8946C902107944200351C64 /* Koso */,
			);
		};
/* End PBXProject section */

/* Begin PBXResourcesBuildPhase section */
		E8946C8F2107944200351C64 /* Resources */ = {
			isa = PBXResourcesBuildPhase;
			buildActionMask = 2147483647;
			files = (
				E8946CA22107944700351C64 /* LaunchScreen.storyboard in Resources */,
				E8946C9F2107944700351C64 /* Assets.xcassets in Resources */,
				E8946C9A2107944200351C64 /* Main.storyboard in Resources */,
			);
			runOnlyForDeploymentPostprocessing = 0;
		};
/* End PBXResourcesBuildPhase section */

/* Begin PBXSourcesBuildPhase section */
		E8946C8D2107944200351C64 /* Sources */ = {
			isa = PBXSourcesBuildPhase;
			buildActionMask = 2147483647;
			files = (
				E8066185211500F100A134BE /* ToDoBreakdownViewController.swift in Sources */,
				E8946C972107944200351C64 /* ViewController.swift in Sources */,
				E8780E222108E91600113C69 /* NoteTableViewCell.swift in Sources */,
				E8946CDC2107CA9000351C64 /* DisplayProjectViewController.swift in Sources */,
				E837EE5021139A66000A1CED /* TaskTableViewCell.swift in Sources */,
				E8946CDE2107CB3D00351C64 /* NewProjectTableViewCell.swift in Sources */,
				E8E6B51E2111F5D6006C117E /* PlanTableViewCell.swift in Sources */,
				E8946CD82107C9F300351C64 /* ProjectManagerViewController.swift in Sources */,
				E8E6B51C210BBC69006C117E /* DisplayNoteViewController.swift in Sources */,
				E8FB9D732118CBCF00ABBC61 /* UIColor+TC.swift in Sources */,
				E8E6B516210BBC47006C117E /* DisplayToDoViewController.swift in Sources */,
				E8485E9921176EA100854490 /* DisplayPlanViewController.swift in Sources */,
				E82981D92108AE08005240EC /* Koso.xcdatamodeld in Sources */,
				E8946C952107944200351C64 /* AppDelegate.swift in Sources */,
				E82981D621083A9E005240EC /* CoreDataHelper.swift in Sources */,
				E80661802114D15C00A134BE /* PhotoHelper.swift in Sources */,
				E8946CDA2107CA0300351C64 /* NewProjectViewController.swift in Sources */,
				E8780E1E2108E8E400113C69 /* ToDoTableCellView.swift in Sources */,
				E8E6B51A210BBC61006C117E /* DisplayAgendaViewController.swift in Sources */,
				E82981DC2108B1FC005240EC /* Date+ConverterToString.swift in Sources */,
				E8946CE02107CB5200351C64 /* ProjectTableViewCell.swift in Sources */,
				E8780E242108E92B00113C69 /* AgendaTableViewCell.swift in Sources */,
				E8780E262108EA4A00113C69 /* AddElementsViewController.swift in Sources */,
			);
			runOnlyForDeploymentPostprocessing = 0;
		};
/* End PBXSourcesBuildPhase section */

/* Begin PBXVariantGroup section */
		E8946C982107944200351C64 /* Main.storyboard */ = {
			isa = PBXVariantGroup;
			children = (
				E8946C992107944200351C64 /* Base */,
			);
			name = Main.storyboard;
			sourceTree = "<group>";
		};
		E8946CA02107944700351C64 /* LaunchScreen.storyboard */ = {
			isa = PBXVariantGroup;
			children = (
				E8946CA12107944700351C64 /* Base */,
			);
			name = LaunchScreen.storyboard;
			sourceTree = "<group>";
		};
/* End PBXVariantGroup section */

/* Begin XCBuildConfiguration section */
		E8946CA42107944700351C64 /* Debug */ = {
			isa = XCBuildConfiguration;
			buildSettings = {
				ALWAYS_SEARCH_USER_PATHS = NO;
				CLANG_ANALYZER_NONNULL = YES;
				CLANG_ANALYZER_NUMBER_OBJECT_CONVERSION = YES_AGGRESSIVE;
				CLANG_CXX_LANGUAGE_STANDARD = "gnu++14";
				CLANG_CXX_LIBRARY = "libc++";
				CLANG_ENABLE_MODULES = YES;
				CLANG_ENABLE_OBJC_ARC = YES;
				CLANG_ENABLE_OBJC_WEAK = YES;
				CLANG_WARN_BLOCK_CAPTURE_AUTORELEASING = YES;
				CLANG_WARN_BOOL_CONVERSION = YES;
				CLANG_WARN_COMMA = YES;
				CLANG_WARN_CONSTANT_CONVERSION = YES;
				CLANG_WARN_DEPRECATED_OBJC_IMPLEMENTATIONS = YES;
				CLANG_WARN_DIRECT_OBJC_ISA_USAGE = YES_ERROR;
				CLANG_WARN_DOCUMENTATION_COMMENTS = YES;
				CLANG_WARN_EMPTY_BODY = YES;
				CLANG_WARN_ENUM_CONVERSION = YES;
				CLANG_WARN_INFINITE_RECURSION = YES;
				CLANG_WARN_INT_CONVERSION = YES;
				CLANG_WARN_NON_LITERAL_NULL_CONVERSION = YES;
				CLANG_WARN_OBJC_IMPLICIT_RETAIN_SELF = YES;
				CLANG_WARN_OBJC_LITERAL_CONVERSION = YES;
				CLANG_WARN_OBJC_ROOT_CLASS = YES_ERROR;
				CLANG_WARN_RANGE_LOOP_ANALYSIS = YES;
				CLANG_WARN_STRICT_PROTOTYPES = YES;
				CLANG_WARN_SUSPICIOUS_MOVE = YES;
				CLANG_WARN_UNGUARDED_AVAILABILITY = YES_AGGRESSIVE;
				CLANG_WARN_UNREACHABLE_CODE = YES;
				CLANG_WARN__DUPLICATE_METHOD_MATCH = YES;
				CODE_SIGN_IDENTITY = "iPhone Developer";
				COPY_PHASE_STRIP = NO;
				DEBUG_INFORMATION_FORMAT = dwarf;
				ENABLE_STRICT_OBJC_MSGSEND = YES;
				ENABLE_TESTABILITY = YES;
				GCC_C_LANGUAGE_STANDARD = gnu11;
				GCC_DYNAMIC_NO_PIC = NO;
				GCC_NO_COMMON_BLOCKS = YES;
				GCC_OPTIMIZATION_LEVEL = 0;
				GCC_PREPROCESSOR_DEFINITIONS = (
					"DEBUG=1",
					"$(inherited)",
				);
				GCC_WARN_64_TO_32_BIT_CONVERSION = YES;
				GCC_WARN_ABOUT_RETURN_TYPE = YES_ERROR;
				GCC_WARN_UNDECLARED_SELECTOR = YES;
				GCC_WARN_UNINITIALIZED_AUTOS = YES_AGGRESSIVE;
				GCC_WARN_UNUSED_FUNCTION = YES;
				GCC_WARN_UNUSED_VARIABLE = YES;
				IPHONEOS_DEPLOYMENT_TARGET = 11.4;
				MTL_ENABLE_DEBUG_INFO = YES;
				ONLY_ACTIVE_ARCH = YES;
				SDKROOT = iphoneos;
				SWIFT_ACTIVE_COMPILATION_CONDITIONS = DEBUG;
				SWIFT_OPTIMIZATION_LEVEL = "-Onone";
			};
			name = Debug;
		};
		E8946CA52107944700351C64 /* Release */ = {
			isa = XCBuildConfiguration;
			buildSettings = {
				ALWAYS_SEARCH_USER_PATHS = NO;
				CLANG_ANALYZER_NONNULL = YES;
				CLANG_ANALYZER_NUMBER_OBJECT_CONVERSION = YES_AGGRESSIVE;
				CLANG_CXX_LANGUAGE_STANDARD = "gnu++14";
				CLANG_CXX_LIBRARY = "libc++";
				CLANG_ENABLE_MODULES = YES;
				CLANG_ENABLE_OBJC_ARC = YES;
				CLANG_ENABLE_OBJC_WEAK = YES;
				CLANG_WARN_BLOCK_CAPTURE_AUTORELEASING = YES;
				CLANG_WARN_BOOL_CONVERSION = YES;
				CLANG_WARN_COMMA = YES;
				CLANG_WARN_CONSTANT_CONVERSION = YES;
				CLANG_WARN_DEPRECATED_OBJC_IMPLEMENTATIONS = YES;
				CLANG_WARN_DIRECT_OBJC_ISA_USAGE = YES_ERROR;
				CLANG_WARN_DOCUMENTATION_COMMENTS = YES;
				CLANG_WARN_EMPTY_BODY = YES;
				CLANG_WARN_ENUM_CONVERSION = YES;
				CLANG_WARN_INFINITE_RECURSION = YES;
				CLANG_WARN_INT_CONVERSION = YES;
				CLANG_WARN_NON_LITERAL_NULL_CONVERSION = YES;
				CLANG_WARN_OBJC_IMPLICIT_RETAIN_SELF = YES;
				CLANG_WARN_OBJC_LITERAL_CONVERSION = YES;
				CLANG_WARN_OBJC_ROOT_CLASS = YES_ERROR;
				CLANG_WARN_RANGE_LOOP_ANALYSIS = YES;
				CLANG_WARN_STRICT_PROTOTYPES = YES;
				CLANG_WARN_SUSPICIOUS_MOVE = YES;
				CLANG_WARN_UNGUARDED_AVAILABILITY = YES_AGGRESSIVE;
				CLANG_WARN_UNREACHABLE_CODE = YES;
				CLANG_WARN__DUPLICATE_METHOD_MATCH = YES;
				CODE_SIGN_IDENTITY = "iPhone Developer";
				COPY_PHASE_STRIP = NO;
				DEBUG_INFORMATION_FORMAT = "dwarf-with-dsym";
				ENABLE_NS_ASSERTIONS = NO;
				ENABLE_STRICT_OBJC_MSGSEND = YES;
				GCC_C_LANGUAGE_STANDARD = gnu11;
				GCC_NO_COMMON_BLOCKS = YES;
				GCC_WARN_64_TO_32_BIT_CONVERSION = YES;
				GCC_WARN_ABOUT_RETURN_TYPE = YES_ERROR;
				GCC_WARN_UNDECLARED_SELECTOR = YES;
				GCC_WARN_UNINITIALIZED_AUTOS = YES_AGGRESSIVE;
				GCC_WARN_UNUSED_FUNCTION = YES;
				GCC_WARN_UNUSED_VARIABLE = YES;
				IPHONEOS_DEPLOYMENT_TARGET = 11.4;
				MTL_ENABLE_DEBUG_INFO = NO;
				SDKROOT = iphoneos;
				SWIFT_COMPILATION_MODE = wholemodule;
				SWIFT_OPTIMIZATION_LEVEL = "-O";
				VALIDATE_PRODUCT = YES;
			};
			name = Release;
		};
		E8946CA72107944700351C64 /* Debug */ = {
			isa = XCBuildConfiguration;
			buildSettings = {
				ASSETCATALOG_COMPILER_APPICON_NAME = AppIcon;
				CODE_SIGN_STYLE = Automatic;
				DEVELOPMENT_TEAM = 268QRXVK86;
				INFOPLIST_FILE = Koso/Info.plist;
				LD_RUNPATH_SEARCH_PATHS = (
					"$(inherited)",
					"@executable_path/Frameworks",
				);
				PRODUCT_BUNDLE_IDENTIFIER = com.makeschool.Koso;
				PRODUCT_NAME = "$(TARGET_NAME)";
				SWIFT_VERSION = 4.0;
				TARGETED_DEVICE_FAMILY = "1,2";
			};
			name = Debug;
		};
		E8946CA82107944700351C64 /* Release */ = {
			isa = XCBuildConfiguration;
			buildSettings = {
				ASSETCATALOG_COMPILER_APPICON_NAME = AppIcon;
				CODE_SIGN_STYLE = Automatic;
				DEVELOPMENT_TEAM = 268QRXVK86;
				INFOPLIST_FILE = Koso/Info.plist;
				LD_RUNPATH_SEARCH_PATHS = (
					"$(inherited)",
					"@executable_path/Frameworks",
				);
				PRODUCT_BUNDLE_IDENTIFIER = com.makeschool.Koso;
				PRODUCT_NAME = "$(TARGET_NAME)";
				SWIFT_VERSION = 4.0;
				TARGETED_DEVICE_FAMILY = "1,2";
			};
			name = Release;
		};
/* End XCBuildConfiguration section */

/* Begin XCConfigurationList section */
		E8946C8C2107944200351C64 /* Build configuration list for PBXProject "Koso" */ = {
			isa = XCConfigurationList;
			buildConfigurations = (
				E8946CA42107944700351C64 /* Debug */,
				E8946CA52107944700351C64 /* Release */,
			);
			defaultConfigurationIsVisible = 0;
			defaultConfigurationName = Release;
		};
		E8946CA62107944700351C64 /* Build configuration list for PBXNativeTarget "Koso" */ = {
			isa = XCConfigurationList;
			buildConfigurations = (
				E8946CA72107944700351C64 /* Debug */,
				E8946CA82107944700351C64 /* Release */,
			);
			defaultConfigurationIsVisible = 0;
			defaultConfigurationName = Release;
		};
/* End XCConfigurationList section */

/* Begin XCVersionGroup section */
		E82981D72108AE08005240EC /* Koso.xcdatamodeld */ = {
			isa = XCVersionGroup;
			children = (
				E82981D82108AE08005240EC /* Koso.xcdatamodel */,
			);
			currentVersion = E82981D82108AE08005240EC /* Koso.xcdatamodel */;
			path = Koso.xcdatamodeld;
			sourceTree = "<group>";
			versionGroupType = wrapper.xcdatamodel;
		};
/* End XCVersionGroup section */
	};
	rootObject = E8946C892107944200351C64 /* Project object */;
}
